{
  "sources": {
    "apt": {
      "locked_version": "2.0.0"
    },
    "yum": {
      "locked_version": "2.3.0"
    },
    "python": {
      "locked_version": "1.3.6"
    },
    "openssl": {
      "locked_version": "1.0.2"
    },
    "build-essential": {
      "locked_version": "1.4.0"
    },
    "rabbitmq": {
      "locked_version": "2.1.2"
    },
    "mongodb": {
      "locked_version": "0.14.2",
      "git": "https://github.com/gondoi/chef-mongodb",
      "ref": "5976120ea08bddcd18156b4bba27e671f27d1ef2"
    },
    "checkmate": {
      "locked_version": "3.1.1",
      "git": "https://github.rackspace.com/Cookbooks/checkmate",
      "ref": "a4f926c3a0ef8bf4fbd1b48984bd52ebb5dc2672"
    },
    "redisio": {
      "locked_version": "2.1.1",
      "git": "https://github.com/brianbianco/redisio.git",
      "ref": "d22055659847c221dfec78f484d838c26a69c023"
    },
    "rvm": {
      "locked_version": "0.9.1",
      "git": "https://github.com/fnichol/chef-rvm",
      "ref": "485e042818063dcf40e8da1404d9758fb26de65d"
    },
    "rackspacecloud": {
      "locked_version": "0.0.3",
      "git": "https://github.com/rackspace-cookbooks/rackspacecloud",
      "ref": "6aa5fafd1cd7295227e454453cf06bbade1c47ee"
    },
    "erlang": {
      "locked_version": "1.3.0"
    },
    "firewall": {
      "locked_version": "0.11.0"
    },
    "chef_handler": {
      "locked_version": "1.1.4"
    },
    "partial_search": {
      "locked_version": "1.0.2"
    },
    "nginx": {
      "locked_version": "1.7.0"
    },
    "runit": {
      "locked_version": "1.1.6"
    },
    "ohai": {
      "locked_version": "1.1.10"
    },
    "ulimit": {
      "locked_version": "0.3.0"
    },
    "java": {
      "locked_version": "1.12.0"
    },
    "windows": {
      "locked_version": "1.10.0"
    },
    "chef_gem": {
      "locked_version": "0.1.0"
    },
    "xml": {
      "locked_version": "1.1.2"
    }
  }
}
