SITE
  remote: http://community.opscode.com/api/v1
  specs:
    apt (1.8.4)
    build-essential (1.3.2)
    chef_gem (0.0.5)
    erlang (1.1.2)
      yum (>= 0.5.0)
    mongodb (0.11.0)
      apt (>= 0.0.0)
    openssl (1.0.0)
    python (1.2.0)
      build-essential (>= 0.0.0)
      yum (>= 0.0.0)
    rabbitmq (1.8.0)
      apt (>= 1.4.4)
      erlang (>= 0.9)
      yum (>= 0.5.0)
    yum (2.1.0)

GIT
  remote: https://github.com/fnichol/chef-rvm
  ref: 485e042818063dcf40e8da1404d9758fb26de65d
  sha: 485e042818063dcf40e8da1404d9758fb26de65d
  specs:
    rvm (0.9.1)
      chef_gem (>= 0.0.0)

GIT
  remote: https://github.rackspace.com/Cookbooks/checkmate
  ref: master
  sha: 7a3176f1514a416cfcf6cdc3d6c8dc743153b1ba
  specs:
    checkmate (1.1.0)
      apt (>= 0.0.0)
      build-essential (>= 0.0.0)
      mongodb (>= 0.0.0)
      openssl (>= 0.0.0)
      python (>= 0.0.0)
      rabbitmq (>= 0.0.0)
      rvm (>= 0.0.0)
      yum (>= 0.0.0)

DEPENDENCIES
  apt (>= 0)
  build-essential (>= 0)
  checkmate (>= 0)
  mongodb (>= 0)
  openssl (>= 0)
  python (>= 0)
  rabbitmq (>= 0)
  rvm (>= 0)
  yum (>= 0)

