SITE
  remote: http://community.opscode.com/api/v1
  specs:
    apt (1.9.2)
    build-essential (1.4.0)
    chef_gem (0.1.0)
    erlang (1.2.0)
      build-essential (>= 0.0.0)
      yum (>= 0.5.0)
    openssl (1.0.2)
    python (1.2.2)
      build-essential (>= 0.0.0)
      yum (>= 0.0.0)
    rabbitmq (2.0.0)
      erlang (>= 0.9)
    yum (2.2.0)

GIT
  remote: https://github.com/edelight/chef-mongodb
  ref: master
  sha: 5e0d2c8e081ee9bc434afebad7be215076c5e2bb
  specs:
    mongodb (0.12.0)
      apt (>= 0.0.0)
      yum (>= 0.0.0)

GIT
  remote: https://github.com/fnichol/chef-rvm
  ref: 485e042818063dcf40e8da1404d9758fb26de65d
  sha: 485e042818063dcf40e8da1404d9758fb26de65d
  specs:
    rvm (0.9.1)
      chef_gem (>= 0.0.0)

GIT
  remote: https://github.rackspace.com/Cookbooks/checkmate
  ref: master
  sha: ee2002fb26c3900f44fd1a4d8ba5bac483f824ee
  specs:
    checkmate (1.1.2)
      apt (>= 0.0.0)
      build-essential (>= 0.0.0)
      mongodb (>= 0.0.0)
      openssl (>= 0.0.0)
      python (>= 0.0.0)
      rabbitmq (>= 0.0.0)
      rvm (>= 0.0.0)
      yum (>= 0.0.0)

DEPENDENCIES
  apt (>= 0)
  build-essential (>= 0)
  checkmate (>= 0)
  mongodb (>= 0)
  openssl (>= 0)
  python (>= 0)
  rabbitmq (>= 0)
  rvm (>= 0)
  yum (>= 0)

